
Microsoft Visual Studio Solution File, Format Version 12.00
Project("{FAE04EC0-301F-11D3-BF4B-00C04F79EFBC}") = "GrpcServer", "GrpcServer\GrpcServer.csproj", "{234ED242-7604-4540-981B-B32B49ED53EE}"
EndProject
Project("{FAE04EC0-301F-11D3-BF4B-00C04F79EFBC}") = "WeatherClient", "WeatherClient\WeatherClient.csproj", "{C24607D2-E552-4FB9-B4E3-5BA42F29EC5D}"
EndProject
Project("{FAE04EC0-301F-11D3-BF4B-00C04F79EFBC}") = "JwtClient", "JwtClient\JwtClient.csproj", "{A6BD69FF-C914-41F5-B080-42483F11A477}"
EndProject
Global
	GlobalSection(SolutionConfigurationPlatforms) = preSolution
		Debug|Any CPU = Debug|Any CPU
		Release|Any CPU = Release|Any CPU
	EndGlobalSection
	GlobalSection(ProjectConfigurationPlatforms) = postSolution
		{234ED242-7604-4540-981B-B32B49ED53EE}.Debug|Any CPU.ActiveCfg = Debug|Any CPU
		{234ED242-7604-4540-981B-B32B49ED53EE}.Debug|Any CPU.Build.0 = Debug|Any CPU
		{234ED242-7604-4540-981B-B32B49ED53EE}.Release|Any CPU.ActiveCfg = Release|Any CPU
		{234ED242-7604-4540-981B-B32B49ED53EE}.Release|Any CPU.Build.0 = Release|Any CPU
		{C24607D2-E552-4FB9-B4E3-5BA42F29EC5D}.Debug|Any CPU.ActiveCfg = Debug|Any CPU
		{C24607D2-E552-4FB9-B4E3-5BA42F29EC5D}.Debug|Any CPU.Build.0 = Debug|Any CPU
		{C24607D2-E552-4FB9-B4E3-5BA42F29EC5D}.Release|Any CPU.ActiveCfg = Release|Any CPU
		{C24607D2-E552-4FB9-B4E3-5BA42F29EC5D}.Release|Any CPU.Build.0 = Release|Any CPU
		{A6BD69FF-C914-41F5-B080-42483F11A477}.Debug|Any CPU.ActiveCfg = Debug|Any CPU
		{A6BD69FF-C914-41F5-B080-42483F11A477}.Debug|Any CPU.Build.0 = Debug|Any CPU
		{A6BD69FF-C914-41F5-B080-42483F11A477}.Release|Any CPU.ActiveCfg = Release|Any CPU
		{A6BD69FF-C914-41F5-B080-42483F11A477}.Release|Any CPU.Build.0 = Release|Any CPU
	EndGlobalSection
EndGlobal
